
Microsoft Visual Studio Solution File, Format Version 12.00
# Visual Studio Version 16
VisualStudioVersion = 16.0.31729.503
MinimumVisualStudioVersion = 10.0.40219.1
Project("{FAE04EC0-301F-11D3-BF4B-00C04F79EFBC}") = "Mosquitto_1", "Mosquitto_1\Mosquitto_1.csproj", "{AB739ACC-8E94-4F9C-8302-5137E3FD5A6E}"
EndProject
Project("{FAE04EC0-301F-11D3-BF4B-00C04F79EFBC}") = "Mosquitto_A", "Mosquitto_A\Mosquitto_A.csproj", "{F353F51F-2974-4244-9F1E-CCF3F29EE3C0}"
EndProject
Project("{FAE04EC0-301F-11D3-BF4B-00C04F79EFBC}") = "Mosquitto_B", "Mosquitto_B\Mosquitto_B.csproj", "{CE1CAB00-DEE6-4C3C-873A-6D261328A352}"
EndProject
Global
	GlobalSection(SolutionConfigurationPlatforms) = preSolution
		Debug|Any CPU = Debug|Any CPU
		Release|Any CPU = Release|Any CPU
	EndGlobalSection
	GlobalSection(ProjectConfigurationPlatforms) = postSolution
		{AB739ACC-8E94-4F9C-8302-5137E3FD5A6E}.Debug|Any CPU.ActiveCfg = Debug|Any CPU
		{AB739ACC-8E94-4F9C-8302-5137E3FD5A6E}.Debug|Any CPU.Build.0 = Debug|Any CPU
		{AB739ACC-8E94-4F9C-8302-5137E3FD5A6E}.Release|Any CPU.ActiveCfg = Release|Any CPU
		{AB739ACC-8E94-4F9C-8302-5137E3FD5A6E}.Release|Any CPU.Build.0 = Release|Any CPU
		{F353F51F-2974-4244-9F1E-CCF3F29EE3C0}.Debug|Any CPU.ActiveCfg = Debug|Any CPU
		{F353F51F-2974-4244-9F1E-CCF3F29EE3C0}.Debug|Any CPU.Build.0 = Debug|Any CPU
		{F353F51F-2974-4244-9F1E-CCF3F29EE3C0}.Release|Any CPU.ActiveCfg = Release|Any CPU
		{F353F51F-2974-4244-9F1E-CCF3F29EE3C0}.Release|Any CPU.Build.0 = Release|Any CPU
		{CE1CAB00-DEE6-4C3C-873A-6D261328A352}.Debug|Any CPU.ActiveCfg = Debug|Any CPU
		{CE1CAB00-DEE6-4C3C-873A-6D261328A352}.Debug|Any CPU.Build.0 = Debug|Any CPU
		{CE1CAB00-DEE6-4C3C-873A-6D261328A352}.Release|Any CPU.ActiveCfg = Release|Any CPU
		{CE1CAB00-DEE6-4C3C-873A-6D261328A352}.Release|Any CPU.Build.0 = Release|Any CPU
	EndGlobalSection
	GlobalSection(SolutionProperties) = preSolution
		HideSolutionNode = FALSE
	EndGlobalSection
	GlobalSection(ExtensibilityGlobals) = postSolution
		SolutionGuid = {3A0246EC-C843-4500-A5E5-062F4EAD1655}
	EndGlobalSection
EndGlobal
