
Microsoft Visual Studio Solution File, Format Version 12.00
# Visual Studio Version 16
VisualStudioVersion = 16.0.31702.278
MinimumVisualStudioVersion = 10.0.40219.1
Project("{FAE04EC0-301F-11D3-BF4B-00C04F79EFBC}") = "WindowsApplicationGlobalClient", "WindowsApplicationGlobalClient\WindowsApplicationGlobalClient.csproj", "{6CD1B4B0-7EFA-4BA3-8117-EE7EF7C4E325}"
EndProject
Project("{FAE04EC0-301F-11D3-BF4B-00C04F79EFBC}") = "WcfServiceBookstore", "WcfServiceBookstore\WcfServiceBookstore.csproj", "{EA501AF9-C29D-4583-B29D-D8E2F91FF11D}"
EndProject
Project("{FAE04EC0-301F-11D3-BF4B-00C04F79EFBC}") = "ClientBookstore", "ClientBookstore\ClientBookstore.csproj", "{EA321594-8DB3-4B28-B2B6-242FA470564F}"
	ProjectSection(ProjectDependencies) = postProject
		{EA501AF9-C29D-4583-B29D-D8E2F91FF11D} = {EA501AF9-C29D-4583-B29D-D8E2F91FF11D}
	EndProjectSection
EndProject
Global
	GlobalSection(SolutionConfigurationPlatforms) = preSolution
		Debug|Any CPU = Debug|Any CPU
		Release|Any CPU = Release|Any CPU
	EndGlobalSection
	GlobalSection(ProjectConfigurationPlatforms) = postSolution
		{6CD1B4B0-7EFA-4BA3-8117-EE7EF7C4E325}.Debug|Any CPU.ActiveCfg = Debug|Any CPU
		{6CD1B4B0-7EFA-4BA3-8117-EE7EF7C4E325}.Debug|Any CPU.Build.0 = Debug|Any CPU
		{6CD1B4B0-7EFA-4BA3-8117-EE7EF7C4E325}.Release|Any CPU.ActiveCfg = Release|Any CPU
		{6CD1B4B0-7EFA-4BA3-8117-EE7EF7C4E325}.Release|Any CPU.Build.0 = Release|Any CPU
		{EA501AF9-C29D-4583-B29D-D8E2F91FF11D}.Debug|Any CPU.ActiveCfg = Debug|Any CPU
		{EA501AF9-C29D-4583-B29D-D8E2F91FF11D}.Debug|Any CPU.Build.0 = Debug|Any CPU
		{EA501AF9-C29D-4583-B29D-D8E2F91FF11D}.Release|Any CPU.ActiveCfg = Release|Any CPU
		{EA501AF9-C29D-4583-B29D-D8E2F91FF11D}.Release|Any CPU.Build.0 = Release|Any CPU
		{EA321594-8DB3-4B28-B2B6-242FA470564F}.Debug|Any CPU.ActiveCfg = Debug|Any CPU
		{EA321594-8DB3-4B28-B2B6-242FA470564F}.Debug|Any CPU.Build.0 = Debug|Any CPU
		{EA321594-8DB3-4B28-B2B6-242FA470564F}.Release|Any CPU.ActiveCfg = Release|Any CPU
		{EA321594-8DB3-4B28-B2B6-242FA470564F}.Release|Any CPU.Build.0 = Release|Any CPU
	EndGlobalSection
	GlobalSection(SolutionProperties) = preSolution
		HideSolutionNode = FALSE
	EndGlobalSection
	GlobalSection(ExtensibilityGlobals) = postSolution
		SolutionGuid = {78FD6132-1576-4530-BEB7-921283C8405A}
	EndGlobalSection
EndGlobal
